
Microsoft Visual Studio Solution File, Format Version 12.00
# Visual Studio 14
VisualStudioVersion = 14.0.24720.0
MinimumVisualStudioVersion = 10.0.40219.1
Project("{FAE04EC0-301F-11D3-BF4B-00C04F79EFBC}") = "Project 2", "Project 2\Project 2.csproj", "{5857B297-9D05-4029-8DC4-825DE0E8202C}"
EndProject
Project("{FAE04EC0-301F-11D3-BF4B-00C04F79EFBC}") = "Decorator Example", "Decorator Example\Decorator Example.csproj", "{C3327C5D-C42C-4B7F-A00C-79DF6F6D4C41}"
EndProject
Global
	GlobalSection(SolutionConfigurationPlatforms) = preSolution
		Debug|Any CPU = Debug|Any CPU
		Release|Any CPU = Release|Any CPU
	EndGlobalSection
	GlobalSection(ProjectConfigurationPlatforms) = postSolution
		{5857B297-9D05-4029-8DC4-825DE0E8202C}.Debug|Any CPU.ActiveCfg = Debug|Any CPU
		{5857B297-9D05-4029-8DC4-825DE0E8202C}.Debug|Any CPU.Build.0 = Debug|Any CPU
		{5857B297-9D05-4029-8DC4-825DE0E8202C}.Release|Any CPU.ActiveCfg = Release|Any CPU
		{5857B297-9D05-4029-8DC4-825DE0E8202C}.Release|Any CPU.Build.0 = Release|Any CPU
		{C3327C5D-C42C-4B7F-A00C-79DF6F6D4C41}.Debug|Any CPU.ActiveCfg = Debug|Any CPU
		{C3327C5D-C42C-4B7F-A00C-79DF6F6D4C41}.Debug|Any CPU.Build.0 = Debug|Any CPU
		{C3327C5D-C42C-4B7F-A00C-79DF6F6D4C41}.Release|Any CPU.ActiveCfg = Release|Any CPU
		{C3327C5D-C42C-4B7F-A00C-79DF6F6D4C41}.Release|Any CPU.Build.0 = Release|Any CPU
	EndGlobalSection
	GlobalSection(SolutionProperties) = preSolution
		HideSolutionNode = FALSE
	EndGlobalSection
	GlobalSection(TeamFoundationVersionControl) = preSolution
		SccNumberOfProjects = 3
		SccEnterpriseProvider = {4CA58AB2-18FA-4F8D-95D4-32DDF27D184C}
		SccTeamFoundationServer = http://mcbtfs01.student.unco.edu:8080/tfs/defaultcollection
		SccLocalPath0 = .
		SccProjectUniqueName1 = Project\u00202\\Project\u00202.csproj
		SccProjectName1 = Project\u00202
		SccLocalPath1 = Project\u00202
		SccProjectUniqueName2 = Decorator\u0020Example\\Decorator\u0020Example.csproj
		SccProjectName2 = Decorator\u0020Example
		SccLocalPath2 = Decorator\u0020Example
	EndGlobalSection
EndGlobal
